
Microsoft Visual Studio Solution File, Format Version 12.00
# Visual Studio 15
VisualStudioVersion = 15.0.27703.2042
MinimumVisualStudioVersion = 10.0.40219.1
Project("{FAE04EC0-301F-11D3-BF4B-00C04F79EFBC}") = "Marek.Musielak.PageRules", "Marek.Musielak.PageRules\Marek.Musielak.PageRules.csproj", "{A8950E9D-1A59-4730-9333-91695F4CBD41}"
EndProject
Global
	GlobalSection(SolutionConfigurationPlatforms) = preSolution
		Debug|Any CPU = Debug|Any CPU
		Release|Any CPU = Release|Any CPU
	EndGlobalSection
	GlobalSection(ProjectConfigurationPlatforms) = postSolution
		{A8950E9D-1A59-4730-9333-91695F4CBD41}.Debug|Any CPU.ActiveCfg = Debug|Any CPU
		{A8950E9D-1A59-4730-9333-91695F4CBD41}.Debug|Any CPU.Build.0 = Debug|Any CPU
		{A8950E9D-1A59-4730-9333-91695F4CBD41}.Release|Any CPU.ActiveCfg = Release|Any CPU
		{A8950E9D-1A59-4730-9333-91695F4CBD41}.Release|Any CPU.Build.0 = Release|Any CPU
	EndGlobalSection
	GlobalSection(SolutionProperties) = preSolution
		HideSolutionNode = FALSE
	EndGlobalSection
	GlobalSection(ExtensibilityGlobals) = postSolution
		SolutionGuid = {303DF9BA-B92A-457E-AF61-13E2A172CB07}
	EndGlobalSection
EndGlobal
